<?xml version="1.0" encoding="utf-8"?>
<Project ToolsVersion="4.0" xmlns="http://schemas.microsoft.com/developer/msbuild/2003">
  <ItemGroup>
    <Filter Include="Source Files">
      <UniqueIdentifier>{4FC737F1-C7A5-4376-A066-2A32D752A2FF}</UniqueIdentifier>
      <Extensions>cpp;c;cc;cxx;def;odl;idl;hpj;bat;asm;asmx</Extensions>
    </Filter>
    <Filter Include="Header Files">
      <UniqueIdentifier>{93995380-89BD-4b04-88EB-625FBE52EBFB}</UniqueIdentifier>
      <Extensions>h;hpp;hxx;hm;inl;inc;xsd</Extensions>
    </Filter>
    <Filter Include="Resource Files">
      <UniqueIdentifier>{67DA6AB6-F800-4c08-8B7A-83BB121AAD01}</UniqueIdentifier>
      <Extensions>rc;ico;cur;bmp;dlg;rc2;rct;bin;rgs;gif;jpg;jpeg;jpe;resx;tiff;tif;png;wav;mfcribbon-ms</Extensions>
    </Filter>
    <Filter Include="Source Files\Lua">
      <UniqueIdentifier>{18eaaeec-fb55-4128-ad3a-8dd4a77c866c}</UniqueIdentifier>
    </Filter>
    <Filter Include="Header Files\Lua">
      <UniqueIdentifier>{d2bc0676-2e6f-437d-abdb-25a2a6232e27}</UniqueIdentifier>
    </Filter>
  </ItemGroup>
  <ItemGroup>
    <None Include="ReadMe.txt" />
  </ItemGroup>
  <ItemGroup>
    <ClInclude Include="stdafx.h">
      <Filter>Header Files</Filter>
    </ClInclude>
    <ClInclude Include="targetver.h">
      <Filter>Header Files</Filter>
    </ClInclude>
    <ClInclude Include="IrrWolforce.h">
      <Filter>Header Files</Filter>
    </ClInclude>
    <ClInclude Include="IrrAnimatedMesh.h">
      <Filter>Header Files</Filter>
    </ClInclude>
    <ClInclude Include="IrrCamera.h">
      <Filter>Header Files</Filter>
    </ClInclude>
    <ClInclude Include="IrrCollisionManager.h">
      <Filter>Header Files</Filter>
    </ClInclude>
    <ClInclude Include="IrrEngineStrategy.h">
      <Filter>Header Files</Filter>
    </ClInclude>
    <ClInclude Include="IrrGameObjectImpl.h">
      <Filter>Header Files</Filter>
    </ClInclude>
    <ClInclude Include="IrrGUIEnvironment.h">
      <Filter>Header Files</Filter>
    </ClInclude>
    <ClInclude Include="IrrInput.h">
      <Filter>Header Files</Filter>
    </ClInclude>
    <ClInclude Include="IrrLevel.h">
      <Filter>Header Files</Filter>
    </ClInclude>
    <ClInclude Include="IrrMesh.h">
      <Filter>Header Files</Filter>
    </ClInclude>
    <ClInclude Include="IrrParticles.h">
      <Filter>Header Files</Filter>
    </ClInclude>
    <ClInclude Include="IrrScene.h">
      <Filter>Header Files</Filter>
    </ClInclude>
    <ClInclude Include="IrrSphere.h">
      <Filter>Header Files</Filter>
    </ClInclude>
    <ClInclude Include="irrKlangSceneNode.h">
      <Filter>Header Files</Filter>
    </ClInclude>
    <ClInclude Include="dllIrrDefine.h">
      <Filter>Header Files</Filter>
    </ClInclude>
    <ClInclude Include="LuaVirtualMachine.h">
      <Filter>Header Files\Lua</Filter>
    </ClInclude>
    <ClInclude Include="LuaGameObject.hpp">
      <Filter>Header Files\Lua</Filter>
    </ClInclude>
    <ClInclude Include="LuaInput.hpp">
      <Filter>Header Files\Lua</Filter>
    </ClInclude>
  </ItemGroup>
  <ItemGroup>
    <ClCompile Include="stdafx.cpp">
      <Filter>Source Files</Filter>
    </ClCompile>
    <ClCompile Include="dllmain.cpp">
      <Filter>Source Files</Filter>
    </ClCompile>
    <ClCompile Include="IrrAnimatedMesh.cpp">
      <Filter>Source Files</Filter>
    </ClCompile>
    <ClCompile Include="IrrCamera.cpp">
      <Filter>Source Files</Filter>
    </ClCompile>
    <ClCompile Include="IrrCollisionManager.cpp">
      <Filter>Source Files</Filter>
    </ClCompile>
    <ClCompile Include="IrrEngineStrategy.cpp">
      <Filter>Source Files</Filter>
    </ClCompile>
    <ClCompile Include="IrrGameObjectImpl.cpp">
      <Filter>Source Files</Filter>
    </ClCompile>
    <ClCompile Include="IrrGUIEnvironment.cpp">
      <Filter>Source Files</Filter>
    </ClCompile>
    <ClCompile Include="IrrInput.cpp">
      <Filter>Source Files</Filter>
    </ClCompile>
    <ClCompile Include="IrrLevel.cpp">
      <Filter>Source Files</Filter>
    </ClCompile>
    <ClCompile Include="IrrMesh.cpp">
      <Filter>Source Files</Filter>
    </ClCompile>
    <ClCompile Include="IrrParticles.cpp">
      <Filter>Source Files</Filter>
    </ClCompile>
    <ClCompile Include="IrrScene.cpp">
      <Filter>Source Files</Filter>
    </ClCompile>
    <ClCompile Include="IrrSphere.cpp">
      <Filter>Source Files</Filter>
    </ClCompile>
    <ClCompile Include="irrKlangSceneNode.cpp">
      <Filter>Source Files</Filter>
    </ClCompile>
    <ClCompile Include="LuaVirtualMachine.cpp">
      <Filter>Source Files\Lua</Filter>
    </ClCompile>
  </ItemGroup>
</Project>